<Solution>
  <Configurations>
    <Platform Name="Any CPU" />
    <Platform Name="x64" />
    <Platform Name="x86" />
  </Configurations>
  <Folder Name="/src/">
    <Project Path="src/NuGetSkills/NuGetSkills.csproj" />
  </Folder>
  <Folder Name="/tests/">
    <Project Path="tests/NuGetSkills.Tests/NuGetSkills.Tests.csproj" />
  </Folder>
</Solution>
